
Microsoft Visual Studio Solution File, Format Version 12.00
# Visual Studio 2012
VisualStudioVersion = 12.0.30324.0
MinimumVisualStudioVersion = 10.0.40219.1
Project("{FAE04EC0-301F-11D3-BF4B-00C04F79EFBC}") = "Tests", "Tests\Tests.csproj", "{EAD25F46-9C16-4DC3-B312-4FC74C8E3B9F}"
EndProject
Project("{FAE04EC0-301F-11D3-BF4B-00C04F79EFBC}") = "Biggy", "Biggy\Biggy.csproj", "{49DBD996-032D-4B58-B35A-2621DA0EAEAF}"
EndProject
Project("{FAE04EC0-301F-11D3-BF4B-00C04F79EFBC}") = "Biggy.Perf", "Biggy.Tasks\Biggy.Perf.csproj", "{865CB04C-63E2-4042-A2B8-8D81FD39DF6A}"
EndProject
Project("{FAE04EC0-301F-11D3-BF4B-00C04F79EFBC}") = "Biggy.Mongo", "Biggy.Mongo\Biggy.Mongo.csproj", "{E813F263-0595-4643-9FAB-7FA4E3306C82}"
EndProject
Project("{FAE04EC0-301F-11D3-BF4B-00C04F79EFBC}") = "Biggy.Mongo.Tests", "Biggy.Mongo.Tests\Biggy.Mongo.Tests.csproj", "{D7B75AB5-A799-4FFB-9AFC-BC7625572AEC}"
EndProject
Project("{FAE04EC0-301F-11D3-BF4B-00C04F79EFBC}") = "Biggy.SqlCe", "Biggy.SqlCe\Biggy.SqlCe.csproj", "{FA40CBB1-31F3-447C-9154-EE373681B4E6}"
EndProject
Project("{FAE04EC0-301F-11D3-BF4B-00C04F79EFBC}") = "Biggy.SqlCe.Tests", "Biggy.SqlCe.Tests\Biggy.SqlCe.Tests.csproj", "{023CDE07-4EFB-43C3-A0DF-E2380BC6B5D8}"
EndProject
Project("{FAE04EC0-301F-11D3-BF4B-00C04F79EFBC}") = "Biggy.Lucene", "Biggy.Lucene\Biggy.Lucene.csproj", "{66C5DE1A-D0B8-40BE-B9C6-26390B8B6FBF}"
EndProject
Project("{FAE04EC0-301F-11D3-BF4B-00C04F79EFBC}") = "Biggy.Lucene.Tests", "Biggy.Lucene.Tests\Biggy.Lucene.Tests.csproj", "{4EDEC57B-BD3A-4D14-A8BA-1D32312D9DD9}"
EndProject
Project("{FAE04EC0-301F-11D3-BF4B-00C04F79EFBC}") = "Biggy.Mobile", "Biggy.Mobile\Biggy.Mobile.Core\Biggy.Mobile.csproj", "{2E9D0AF5-410F-47EB-9767-C3A04FD5F96C}"
EndProject
Project("{FAE04EC0-301F-11D3-BF4B-00C04F79EFBC}") = "Biggy.Mobile.Droid", "Biggy.Mobile\Biggy.Mobile.Droid\Biggy.Mobile.Droid.csproj", "{3D65ED91-B172-43C1-8534-5F6951DE9324}"
EndProject
Project("{FAE04EC0-301F-11D3-BF4B-00C04F79EFBC}") = "Biggy.Mobile.WP8", "Biggy.Mobile\Biggy.Mobile.WP8\Biggy.Mobile.WP8.csproj", "{B86BE15B-A69F-41FF-81A8-6DBDECE43458}"
EndProject
Global
	GlobalSection(SolutionConfigurationPlatforms) = preSolution
		Debug|Any CPU = Debug|Any CPU
		Debug|ARM = Debug|ARM
		Debug|x86 = Debug|x86
		Release|Any CPU = Release|Any CPU
		Release|ARM = Release|ARM
		Release|x86 = Release|x86
	EndGlobalSection
	GlobalSection(ProjectConfigurationPlatforms) = postSolution
		{023CDE07-4EFB-43C3-A0DF-E2380BC6B5D8}.Debug|Any CPU.ActiveCfg = Debug|Any CPU
		{023CDE07-4EFB-43C3-A0DF-E2380BC6B5D8}.Debug|Any CPU.Build.0 = Debug|Any CPU
		{023CDE07-4EFB-43C3-A0DF-E2380BC6B5D8}.Debug|ARM.ActiveCfg = Debug|Any CPU
		{023CDE07-4EFB-43C3-A0DF-E2380BC6B5D8}.Debug|ARM.Build.0 = Debug|Any CPU
		{023CDE07-4EFB-43C3-A0DF-E2380BC6B5D8}.Debug|x86.ActiveCfg = Debug|Any CPU
		{023CDE07-4EFB-43C3-A0DF-E2380BC6B5D8}.Debug|x86.Build.0 = Debug|Any CPU
		{023CDE07-4EFB-43C3-A0DF-E2380BC6B5D8}.Release|Any CPU.ActiveCfg = Release|Any CPU
		{023CDE07-4EFB-43C3-A0DF-E2380BC6B5D8}.Release|Any CPU.Build.0 = Release|Any CPU
		{023CDE07-4EFB-43C3-A0DF-E2380BC6B5D8}.Release|ARM.ActiveCfg = Release|Any CPU
		{023CDE07-4EFB-43C3-A0DF-E2380BC6B5D8}.Release|ARM.Build.0 = Release|Any CPU
		{023CDE07-4EFB-43C3-A0DF-E2380BC6B5D8}.Release|x86.ActiveCfg = Release|Any CPU
		{023CDE07-4EFB-43C3-A0DF-E2380BC6B5D8}.Release|x86.Build.0 = Release|Any CPU
		{2E9D0AF5-410F-47EB-9767-C3A04FD5F96C}.Debug|Any CPU.ActiveCfg = Debug|Any CPU
		{2E9D0AF5-410F-47EB-9767-C3A04FD5F96C}.Debug|Any CPU.Build.0 = Debug|Any CPU
		{2E9D0AF5-410F-47EB-9767-C3A04FD5F96C}.Debug|ARM.ActiveCfg = Debug|Any CPU
		{2E9D0AF5-410F-47EB-9767-C3A04FD5F96C}.Debug|ARM.Build.0 = Debug|Any CPU
		{2E9D0AF5-410F-47EB-9767-C3A04FD5F96C}.Debug|x86.ActiveCfg = Debug|Any CPU
		{2E9D0AF5-410F-47EB-9767-C3A04FD5F96C}.Debug|x86.Build.0 = Debug|Any CPU
		{2E9D0AF5-410F-47EB-9767-C3A04FD5F96C}.Release|Any CPU.ActiveCfg = Release|Any CPU
		{2E9D0AF5-410F-47EB-9767-C3A04FD5F96C}.Release|Any CPU.Build.0 = Release|Any CPU
		{2E9D0AF5-410F-47EB-9767-C3A04FD5F96C}.Release|ARM.ActiveCfg = Release|Any CPU
		{2E9D0AF5-410F-47EB-9767-C3A04FD5F96C}.Release|ARM.Build.0 = Release|Any CPU
		{2E9D0AF5-410F-47EB-9767-C3A04FD5F96C}.Release|x86.ActiveCfg = Release|Any CPU
		{2E9D0AF5-410F-47EB-9767-C3A04FD5F96C}.Release|x86.Build.0 = Release|Any CPU
		{3D65ED91-B172-43C1-8534-5F6951DE9324}.Debug|Any CPU.ActiveCfg = Debug|Any CPU
		{3D65ED91-B172-43C1-8534-5F6951DE9324}.Debug|Any CPU.Build.0 = Debug|Any CPU
		{3D65ED91-B172-43C1-8534-5F6951DE9324}.Debug|ARM.ActiveCfg = Debug|Any CPU
		{3D65ED91-B172-43C1-8534-5F6951DE9324}.Debug|ARM.Build.0 = Debug|Any CPU
		{3D65ED91-B172-43C1-8534-5F6951DE9324}.Debug|x86.ActiveCfg = Debug|Any CPU
		{3D65ED91-B172-43C1-8534-5F6951DE9324}.Debug|x86.Build.0 = Debug|Any CPU
		{3D65ED91-B172-43C1-8534-5F6951DE9324}.Release|Any CPU.ActiveCfg = Release|Any CPU
		{3D65ED91-B172-43C1-8534-5F6951DE9324}.Release|Any CPU.Build.0 = Release|Any CPU
		{3D65ED91-B172-43C1-8534-5F6951DE9324}.Release|ARM.ActiveCfg = Release|Any CPU
		{3D65ED91-B172-43C1-8534-5F6951DE9324}.Release|ARM.Build.0 = Release|Any CPU
		{3D65ED91-B172-43C1-8534-5F6951DE9324}.Release|x86.ActiveCfg = Release|Any CPU
		{3D65ED91-B172-43C1-8534-5F6951DE9324}.Release|x86.Build.0 = Release|Any CPU
		{49DBD996-032D-4B58-B35A-2621DA0EAEAF}.Debug|Any CPU.ActiveCfg = Debug|Any CPU
		{49DBD996-032D-4B58-B35A-2621DA0EAEAF}.Debug|Any CPU.Build.0 = Debug|Any CPU
		{49DBD996-032D-4B58-B35A-2621DA0EAEAF}.Debug|ARM.ActiveCfg = Debug|Any CPU
		{49DBD996-032D-4B58-B35A-2621DA0EAEAF}.Debug|ARM.Build.0 = Debug|Any CPU
		{49DBD996-032D-4B58-B35A-2621DA0EAEAF}.Debug|x86.ActiveCfg = Debug|Any CPU
		{49DBD996-032D-4B58-B35A-2621DA0EAEAF}.Debug|x86.Build.0 = Debug|Any CPU
		{49DBD996-032D-4B58-B35A-2621DA0EAEAF}.Release|Any CPU.ActiveCfg = Release|Any CPU
		{49DBD996-032D-4B58-B35A-2621DA0EAEAF}.Release|Any CPU.Build.0 = Release|Any CPU
		{49DBD996-032D-4B58-B35A-2621DA0EAEAF}.Release|ARM.ActiveCfg = Release|Any CPU
		{49DBD996-032D-4B58-B35A-2621DA0EAEAF}.Release|ARM.Build.0 = Release|Any CPU
		{49DBD996-032D-4B58-B35A-2621DA0EAEAF}.Release|x86.ActiveCfg = Release|Any CPU
		{49DBD996-032D-4B58-B35A-2621DA0EAEAF}.Release|x86.Build.0 = Release|Any CPU
		{4EDEC57B-BD3A-4D14-A8BA-1D32312D9DD9}.Debug|Any CPU.ActiveCfg = Debug|Any CPU
		{4EDEC57B-BD3A-4D14-A8BA-1D32312D9DD9}.Debug|Any CPU.Build.0 = Debug|Any CPU
		{4EDEC57B-BD3A-4D14-A8BA-1D32312D9DD9}.Debug|ARM.ActiveCfg = Debug|Any CPU
		{4EDEC57B-BD3A-4D14-A8BA-1D32312D9DD9}.Debug|ARM.Build.0 = Debug|Any CPU
		{4EDEC57B-BD3A-4D14-A8BA-1D32312D9DD9}.Debug|x86.ActiveCfg = Debug|Any CPU
		{4EDEC57B-BD3A-4D14-A8BA-1D32312D9DD9}.Debug|x86.Build.0 = Debug|Any CPU
		{4EDEC57B-BD3A-4D14-A8BA-1D32312D9DD9}.Release|Any CPU.ActiveCfg = Release|Any CPU
		{4EDEC57B-BD3A-4D14-A8BA-1D32312D9DD9}.Release|Any CPU.Build.0 = Release|Any CPU
		{4EDEC57B-BD3A-4D14-A8BA-1D32312D9DD9}.Release|ARM.ActiveCfg = Release|Any CPU
		{4EDEC57B-BD3A-4D14-A8BA-1D32312D9DD9}.Release|ARM.Build.0 = Release|Any CPU
		{4EDEC57B-BD3A-4D14-A8BA-1D32312D9DD9}.Release|x86.ActiveCfg = Release|Any CPU
		{4EDEC57B-BD3A-4D14-A8BA-1D32312D9DD9}.Release|x86.Build.0 = Release|Any CPU
		{66C5DE1A-D0B8-40BE-B9C6-26390B8B6FBF}.Debug|Any CPU.ActiveCfg = Debug|Any CPU
		{66C5DE1A-D0B8-40BE-B9C6-26390B8B6FBF}.Debug|Any CPU.Build.0 = Debug|Any CPU
		{66C5DE1A-D0B8-40BE-B9C6-26390B8B6FBF}.Debug|ARM.ActiveCfg = Debug|Any CPU
		{66C5DE1A-D0B8-40BE-B9C6-26390B8B6FBF}.Debug|ARM.Build.0 = Debug|Any CPU
		{66C5DE1A-D0B8-40BE-B9C6-26390B8B6FBF}.Debug|x86.ActiveCfg = Debug|Any CPU
		{66C5DE1A-D0B8-40BE-B9C6-26390B8B6FBF}.Debug|x86.Build.0 = Debug|Any CPU
		{66C5DE1A-D0B8-40BE-B9C6-26390B8B6FBF}.Release|Any CPU.ActiveCfg = Release|Any CPU
		{66C5DE1A-D0B8-40BE-B9C6-26390B8B6FBF}.Release|Any CPU.Build.0 = Release|Any CPU
		{66C5DE1A-D0B8-40BE-B9C6-26390B8B6FBF}.Release|ARM.ActiveCfg = Release|Any CPU
		{66C5DE1A-D0B8-40BE-B9C6-26390B8B6FBF}.Release|ARM.Build.0 = Release|Any CPU
		{66C5DE1A-D0B8-40BE-B9C6-26390B8B6FBF}.Release|x86.ActiveCfg = Release|Any CPU
		{66C5DE1A-D0B8-40BE-B9C6-26390B8B6FBF}.Release|x86.Build.0 = Release|Any CPU
		{865CB04C-63E2-4042-A2B8-8D81FD39DF6A}.Debug|Any CPU.ActiveCfg = Debug|Any CPU
		{865CB04C-63E2-4042-A2B8-8D81FD39DF6A}.Debug|Any CPU.Build.0 = Debug|Any CPU
		{865CB04C-63E2-4042-A2B8-8D81FD39DF6A}.Debug|ARM.ActiveCfg = Debug|Any CPU
		{865CB04C-63E2-4042-A2B8-8D81FD39DF6A}.Debug|ARM.Build.0 = Debug|Any CPU
		{865CB04C-63E2-4042-A2B8-8D81FD39DF6A}.Debug|x86.ActiveCfg = Debug|Any CPU
		{865CB04C-63E2-4042-A2B8-8D81FD39DF6A}.Debug|x86.Build.0 = Debug|Any CPU
		{865CB04C-63E2-4042-A2B8-8D81FD39DF6A}.Release|Any CPU.ActiveCfg = Release|Any CPU
		{865CB04C-63E2-4042-A2B8-8D81FD39DF6A}.Release|Any CPU.Build.0 = Release|Any CPU
		{865CB04C-63E2-4042-A2B8-8D81FD39DF6A}.Release|ARM.ActiveCfg = Release|Any CPU
		{865CB04C-63E2-4042-A2B8-8D81FD39DF6A}.Release|ARM.Build.0 = Release|Any CPU
		{865CB04C-63E2-4042-A2B8-8D81FD39DF6A}.Release|x86.ActiveCfg = Release|Any CPU
		{865CB04C-63E2-4042-A2B8-8D81FD39DF6A}.Release|x86.Build.0 = Release|Any CPU
		{B86BE15B-A69F-41FF-81A8-6DBDECE43458}.Debug|Any CPU.ActiveCfg = Debug|x86
		{B86BE15B-A69F-41FF-81A8-6DBDECE43458}.Debug|ARM.ActiveCfg = Debug|ARM
		{B86BE15B-A69F-41FF-81A8-6DBDECE43458}.Debug|ARM.Build.0 = Debug|ARM
		{B86BE15B-A69F-41FF-81A8-6DBDECE43458}.Debug|x86.ActiveCfg = Debug|x86
		{B86BE15B-A69F-41FF-81A8-6DBDECE43458}.Debug|x86.Build.0 = Debug|x86
		{B86BE15B-A69F-41FF-81A8-6DBDECE43458}.Release|Any CPU.ActiveCfg = Release|x86
		{B86BE15B-A69F-41FF-81A8-6DBDECE43458}.Release|ARM.ActiveCfg = Release|ARM
		{B86BE15B-A69F-41FF-81A8-6DBDECE43458}.Release|ARM.Build.0 = Release|ARM
		{B86BE15B-A69F-41FF-81A8-6DBDECE43458}.Release|x86.ActiveCfg = Release|x86
		{B86BE15B-A69F-41FF-81A8-6DBDECE43458}.Release|x86.Build.0 = Release|x86
		{D7B75AB5-A799-4FFB-9AFC-BC7625572AEC}.Debug|Any CPU.ActiveCfg = Debug|Any CPU
		{D7B75AB5-A799-4FFB-9AFC-BC7625572AEC}.Debug|Any CPU.Build.0 = Debug|Any CPU
		{D7B75AB5-A799-4FFB-9AFC-BC7625572AEC}.Debug|ARM.ActiveCfg = Debug|Any CPU
		{D7B75AB5-A799-4FFB-9AFC-BC7625572AEC}.Debug|ARM.Build.0 = Debug|Any CPU
		{D7B75AB5-A799-4FFB-9AFC-BC7625572AEC}.Debug|x86.ActiveCfg = Debug|Any CPU
		{D7B75AB5-A799-4FFB-9AFC-BC7625572AEC}.Debug|x86.Build.0 = Debug|Any CPU
		{D7B75AB5-A799-4FFB-9AFC-BC7625572AEC}.Release|Any CPU.ActiveCfg = Release|Any CPU
		{D7B75AB5-A799-4FFB-9AFC-BC7625572AEC}.Release|Any CPU.Build.0 = Release|Any CPU
		{D7B75AB5-A799-4FFB-9AFC-BC7625572AEC}.Release|ARM.ActiveCfg = Release|Any CPU
		{D7B75AB5-A799-4FFB-9AFC-BC7625572AEC}.Release|ARM.Build.0 = Release|Any CPU
		{D7B75AB5-A799-4FFB-9AFC-BC7625572AEC}.Release|x86.ActiveCfg = Release|Any CPU
		{D7B75AB5-A799-4FFB-9AFC-BC7625572AEC}.Release|x86.Build.0 = Release|Any CPU
		{E813F263-0595-4643-9FAB-7FA4E3306C82}.Debug|Any CPU.ActiveCfg = Debug|Any CPU
		{E813F263-0595-4643-9FAB-7FA4E3306C82}.Debug|Any CPU.Build.0 = Debug|Any CPU
		{E813F263-0595-4643-9FAB-7FA4E3306C82}.Debug|ARM.ActiveCfg = Debug|Any CPU
		{E813F263-0595-4643-9FAB-7FA4E3306C82}.Debug|ARM.Build.0 = Debug|Any CPU
		{E813F263-0595-4643-9FAB-7FA4E3306C82}.Debug|x86.ActiveCfg = Debug|Any CPU
		{E813F263-0595-4643-9FAB-7FA4E3306C82}.Debug|x86.Build.0 = Debug|Any CPU
		{E813F263-0595-4643-9FAB-7FA4E3306C82}.Release|Any CPU.ActiveCfg = Release|Any CPU
		{E813F263-0595-4643-9FAB-7FA4E3306C82}.Release|Any CPU.Build.0 = Release|Any CPU
		{E813F263-0595-4643-9FAB-7FA4E3306C82}.Release|ARM.ActiveCfg = Release|Any CPU
		{E813F263-0595-4643-9FAB-7FA4E3306C82}.Release|ARM.Build.0 = Release|Any CPU
		{E813F263-0595-4643-9FAB-7FA4E3306C82}.Release|x86.ActiveCfg = Release|Any CPU
		{E813F263-0595-4643-9FAB-7FA4E3306C82}.Release|x86.Build.0 = Release|Any CPU
		{EAD25F46-9C16-4DC3-B312-4FC74C8E3B9F}.Debug|Any CPU.ActiveCfg = Debug|Any CPU
		{EAD25F46-9C16-4DC3-B312-4FC74C8E3B9F}.Debug|Any CPU.Build.0 = Debug|Any CPU
		{EAD25F46-9C16-4DC3-B312-4FC74C8E3B9F}.Debug|ARM.ActiveCfg = Debug|Any CPU
		{EAD25F46-9C16-4DC3-B312-4FC74C8E3B9F}.Debug|ARM.Build.0 = Debug|Any CPU
		{EAD25F46-9C16-4DC3-B312-4FC74C8E3B9F}.Debug|x86.ActiveCfg = Debug|Any CPU
		{EAD25F46-9C16-4DC3-B312-4FC74C8E3B9F}.Debug|x86.Build.0 = Debug|Any CPU
		{EAD25F46-9C16-4DC3-B312-4FC74C8E3B9F}.Release|Any CPU.ActiveCfg = Release|Any CPU
		{EAD25F46-9C16-4DC3-B312-4FC74C8E3B9F}.Release|Any CPU.Build.0 = Release|Any CPU
		{EAD25F46-9C16-4DC3-B312-4FC74C8E3B9F}.Release|ARM.ActiveCfg = Release|Any CPU
		{EAD25F46-9C16-4DC3-B312-4FC74C8E3B9F}.Release|ARM.Build.0 = Release|Any CPU
		{EAD25F46-9C16-4DC3-B312-4FC74C8E3B9F}.Release|x86.ActiveCfg = Release|Any CPU
		{EAD25F46-9C16-4DC3-B312-4FC74C8E3B9F}.Release|x86.Build.0 = Release|Any CPU
		{FA40CBB1-31F3-447C-9154-EE373681B4E6}.Debug|Any CPU.ActiveCfg = Debug|Any CPU
		{FA40CBB1-31F3-447C-9154-EE373681B4E6}.Debug|Any CPU.Build.0 = Debug|Any CPU
		{FA40CBB1-31F3-447C-9154-EE373681B4E6}.Debug|ARM.ActiveCfg = Debug|Any CPU
		{FA40CBB1-31F3-447C-9154-EE373681B4E6}.Debug|ARM.Build.0 = Debug|Any CPU
		{FA40CBB1-31F3-447C-9154-EE373681B4E6}.Debug|x86.ActiveCfg = Debug|Any CPU
		{FA40CBB1-31F3-447C-9154-EE373681B4E6}.Debug|x86.Build.0 = Debug|Any CPU
		{FA40CBB1-31F3-447C-9154-EE373681B4E6}.Release|Any CPU.ActiveCfg = Release|Any CPU
		{FA40CBB1-31F3-447C-9154-EE373681B4E6}.Release|Any CPU.Build.0 = Release|Any CPU
		{FA40CBB1-31F3-447C-9154-EE373681B4E6}.Release|ARM.ActiveCfg = Release|Any CPU
		{FA40CBB1-31F3-447C-9154-EE373681B4E6}.Release|ARM.Build.0 = Release|Any CPU
		{FA40CBB1-31F3-447C-9154-EE373681B4E6}.Release|x86.ActiveCfg = Release|Any CPU
		{FA40CBB1-31F3-447C-9154-EE373681B4E6}.Release|x86.Build.0 = Release|Any CPU
	EndGlobalSection
	GlobalSection(MonoDevelopProperties) = preSolution
		StartupItem = Tests\Tests.csproj
	EndGlobalSection
	GlobalSection(SolutionProperties) = preSolution
		HideSolutionNode = FALSE
	EndGlobalSection
EndGlobal
